// !$*UTF8*$!
{
	archiveVersion = 1;
	classes = {
	};
	objectVersion = 77;
	objects = {

/* Begin PBXBuildFile section */
		0165DE8969DB98643D1F11C2 /* ExecutableLocator.swift in Sources */ = {isa = PBXBuildFile; fileRef = 6C1A768A75FE3CB0CBC2C83B /* ExecutableLocator.swift */; };
		03B931F47BBFCB9BF34E4A0B /* Collection+Chunked.swift in Sources */ = {isa = PBXBuildFile; fileRef = 5E1B7F800CB93230E6BC2033 /* Collection+Chunked.swift */; };
		058DDD127313F6FA4DD3C62D /* AppState.swift in Sources */ = {isa = PBXBuildFile; fileRef = 478A254F483F853B19D7C33D /* AppState.swift */; };
		10C4ACEB18AD06541B4EBAB4 /* MacAppStoreChecker.swift in Sources */ = {isa = PBXBuildFile; fileRef = 4C5851E156CA1A17CB08040F /* MacAppStoreChecker.swift */; };
		15A8922FA7E19FB1F809E53A /* HomebrewFormulaCheckerTests.swift in Sources */ = {isa = PBXBuildFile; fileRef = 9664C23F424B2710F66C4EF4 /* HomebrewFormulaCheckerTests.swift */; };
		15BB36ACADCDF39905DC6543 /* ElectronUpdateManifestParserTests.swift in Sources */ = {isa = PBXBuildFile; fileRef = B60AFE992161FD470E184CEA /* ElectronUpdateManifestParserTests.swift */; };
		1CC72B2F2F4488C1387E1ACD /* CLIToolScanner.swift in Sources */ = {isa = PBXBuildFile; fileRef = D414507C59EA7035C4CB6663 /* CLIToolScanner.swift */; };
		2224CD195A77BF4A1B2DFD87 /* VSCodeUpdateChecker.swift in Sources */ = {isa = PBXBuildFile; fileRef = FA225063EA88DB244B655DA0 /* VSCodeUpdateChecker.swift */; };
		22E6B717B3A0BA1A4B9EFA81 /* SettingsCard.swift in Sources */ = {isa = PBXBuildFile; fileRef = 85E08C3326B2247D912741CD /* SettingsCard.swift */; };
		245B30B5A7C9E06B26A339A4 /* ElectronUpdateConfigParserTests.swift in Sources */ = {isa = PBXBuildFile; fileRef = 0E651F1203BD902FD91EE01D /* ElectronUpdateConfigParserTests.swift */; };
		290DE846C2A9F7CF88A300A3 /* CLIToolUpdateAggregator.swift in Sources */ = {isa = PBXBuildFile; fileRef = 982B2B56729EB0922FB112E3 /* CLIToolUpdateAggregator.swift */; };
		2B4DD6AAC8DE3CFAE6450268 /* UpdateAggregator.swift in Sources */ = {isa = PBXBuildFile; fileRef = 089920C58FFAC1E76955FA9F /* UpdateAggregator.swift */; };
		2C298F8195DEAFEBCF46B1B6 /* VersionComparatorTests.swift in Sources */ = {isa = PBXBuildFile; fileRef = BBBB13B040B60426034E3306 /* VersionComparatorTests.swift */; };
		2CC54C0E3642C0F3C83B7077 /* HomebrewFormulaChecker.swift in Sources */ = {isa = PBXBuildFile; fileRef = 8F89071EB4BF05357B337D59 /* HomebrewFormulaChecker.swift */; };
		2F74EE79ACD67A2648A3CE2F /* SparkleAppcastParser.swift in Sources */ = {isa = PBXBuildFile; fileRef = 7F6C5F92731D33BC7E452D7A /* SparkleAppcastParser.swift */; };
		330C574EFB8380EE3367860A /* AppUpdater.swift in Sources */ = {isa = PBXBuildFile; fileRef = 512DDE52899A35EF340BEBD4 /* AppUpdater.swift */; };
		338CEDD2FDB2F3BD241195CE /* SettingsUpdatesTab.swift in Sources */ = {isa = PBXBuildFile; fileRef = 642F0C625F8318A6F3321591 /* SettingsUpdatesTab.swift */; };
		38F01061E85EB39D313903B1 /* ScannedApp.swift in Sources */ = {isa = PBXBuildFile; fileRef = FB24B99BFC09F0AA925C472E /* ScannedApp.swift */; };
		3AB92857DAA45F6BB886BE2B /* AppVersion.swift in Sources */ = {isa = PBXBuildFile; fileRef = 6E4970BDAE8A8F6F786D1F49 /* AppVersion.swift */; };
		3CF72A49788B4F79F71ADE3B /* SparkleAppcastParserTests.swift in Sources */ = {isa = PBXBuildFile; fileRef = 0839D6494DEC9F6C449ECD9A /* SparkleAppcastParserTests.swift */; };
		3E5A45BC181ACF98FDFCE79E /* SettingsGeneralTab.swift in Sources */ = {isa = PBXBuildFile; fileRef = D01636938115FBB1D71DFB09 /* SettingsGeneralTab.swift */; };
		42B5C7B94C48BA3C301675E3 /* CustomAppSourceCheckerTests.swift in Sources */ = {isa = PBXBuildFile; fileRef = 0582FC25770D05BFB1565D90 /* CustomAppSourceCheckerTests.swift */; };
		48DEB2D7FEA8E44626E72700 /* CustomAppChecker.swift in Sources */ = {isa = PBXBuildFile; fileRef = 480551496F500EF0C64EE025 /* CustomAppChecker.swift */; };
		5105C903C25647D26B3CF4A7 /* ElectronUpdateConfigParser.swift in Sources */ = {isa = PBXBuildFile; fileRef = 2DB91F060FFE31FCF107E397 /* ElectronUpdateConfigParser.swift */; };
		54EBF41F401ED2A34D0DDDA2 /* UpdateArchiveExtractor.swift in Sources */ = {isa = PBXBuildFile; fileRef = C2F37DA29700A627B0196886 /* UpdateArchiveExtractor.swift */; };
		5662FB282A805842169413E3 /* MenuBarContentView.swift in Sources */ = {isa = PBXBuildFile; fileRef = 9030A1FBEE66DE4AB486E5D7 /* MenuBarContentView.swift */; };
		57D79764C19C6E7E76235572 /* Assets.xcassets in Resources */ = {isa = PBXBuildFile; fileRef = 9FA060E772F1F78705E61189 /* Assets.xcassets */; };
		6AD0DE10BE173DA31DB695CF /* PatchlyApp.swift in Sources */ = {isa = PBXBuildFile; fileRef = 9C5CF24FBCA4671C54FD7452 /* PatchlyApp.swift */; };
		6FFA738242CD0429530A4E2E /* CLITool.swift in Sources */ = {isa = PBXBuildFile; fileRef = BAA89791D4AC2D2388DDBC5F /* CLITool.swift */; };
		71CFAE642CA99204F3C4CA84 /* SettingsNotificationsTab.swift in Sources */ = {isa = PBXBuildFile; fileRef = 44D994A9D959EE3433AB82E9 /* SettingsNotificationsTab.swift */; };
		765A63C58CD2B12D07EA28CD /* HomebrewCaskCheckerTests.swift in Sources */ = {isa = PBXBuildFile; fileRef = 28B2EFAB29773DA1D8EA9AB5 /* HomebrewCaskCheckerTests.swift */; };
		7C7D5F30DF1957E7FF83A80C /* VersionComparator.swift in Sources */ = {isa = PBXBuildFile; fileRef = 45E9C05B0991D5D85B4EC4E3 /* VersionComparator.swift */; };
		85DACC4A79B3C6D66748B89B /* ElectronUpdateChecker.swift in Sources */ = {isa = PBXBuildFile; fileRef = 2A193A9D2479C523910BC2DF /* ElectronUpdateChecker.swift */; };
		8755C357A1975FE254CDADBB /* CacheStore.swift in Sources */ = {isa = PBXBuildFile; fileRef = 318A19726094A6682B93E177 /* CacheStore.swift */; };
		8AAB88480698A39689BF600D /* CLIToolScannerTests.swift in Sources */ = {isa = PBXBuildFile; fileRef = 57F4F33972DF2BD3A3C9298C /* CLIToolScannerTests.swift */; };
		8B776813435C6BF51050DD4E /* ApplicationScannerTests.swift in Sources */ = {isa = PBXBuildFile; fileRef = 3AEEB32235E435898E2DF0DA /* ApplicationScannerTests.swift */; };
		8CAC3E47A6002FD3FB22CE2B /* AppRowView.swift in Sources */ = {isa = PBXBuildFile; fileRef = 9EEB75D6A3842108410237F1 /* AppRowView.swift */; };
		94F36ECB51EF67E7B0475489 /* SparkleDirectInstallerTests.swift in Sources */ = {isa = PBXBuildFile; fileRef = B5CF0EBB12A9EA2694E8DE7B /* SparkleDirectInstallerTests.swift */; };
		954A506E96234FAA8F0AA76C /* SourceBadgeView.swift in Sources */ = {isa = PBXBuildFile; fileRef = 76B553C0B220346509CBD25C /* SourceBadgeView.swift */; };
		988057505A1A6C8DD5165B31 /* Sparkle in Frameworks */ = {isa = PBXBuildFile; productRef = 82B8D3EF3B02CC9FC09B4BD6 /* Sparkle */; };
		A4B7BED18E2121E2EE152E07 /* SparkleDirectInstaller.swift in Sources */ = {isa = PBXBuildFile; fileRef = 8744FCA5D7FC285AC75AAF9F /* SparkleDirectInstaller.swift */; };
		A5DD6AEBA387F241B1E53F55 /* RunningAppReplacer.swift in Sources */ = {isa = PBXBuildFile; fileRef = AC11BB66BFAF2B2DF257CB74 /* RunningAppReplacer.swift */; };
		A8788AE06B15FEF385AFF09B /* ElectronUpdateManifestParser.swift in Sources */ = {isa = PBXBuildFile; fileRef = 3E0B1E5AEAF3D8257F12969F /* ElectronUpdateManifestParser.swift */; };
		AB81B047DE1C83B54562664B /* CLIToolSourceBadgeView.swift in Sources */ = {isa = PBXBuildFile; fileRef = 8BB0D552BC874187FE063BE1 /* CLIToolSourceBadgeView.swift */; };
		AEBE5F3CC0718B53675F1AA4 /* AppSettings.swift in Sources */ = {isa = PBXBuildFile; fileRef = DF50983CE36CBE57203F1405 /* AppSettings.swift */; };
		AFD1DC2DAC6642C9589D327E /* UpdateNotifier.swift in Sources */ = {isa = PBXBuildFile; fileRef = 4FDA033573CCFCFB56D43DFC /* UpdateNotifier.swift */; };
		AFE19BE3A7D2D0BA7C856711 /* ApplicationScanner.swift in Sources */ = {isa = PBXBuildFile; fileRef = 3247E12A55E04A500DBDD008 /* ApplicationScanner.swift */; };
		BB017708CBDFE1EE8D19EE89 /* VSCodeUpdateCheckerTests.swift in Sources */ = {isa = PBXBuildFile; fileRef = B067C93699B29BBE3BAC7DAC /* VSCodeUpdateCheckerTests.swift */; };
		BCDEEE537A66606C12F7152C /* UpdateSource.swift in Sources */ = {isa = PBXBuildFile; fileRef = D2D058A1667501D51294FF80 /* UpdateSource.swift */; };
		BD24C968BE44562492B3A003 /* AppSettingsTests.swift in Sources */ = {isa = PBXBuildFile; fileRef = 40F0411BABDB06B956994AAE /* AppSettingsTests.swift */; };
		C157A65F03F1DC935DC81E02 /* ElectronDirectInstallerTests.swift in Sources */ = {isa = PBXBuildFile; fileRef = 625E457D37A2F321BDAA722E /* ElectronDirectInstallerTests.swift */; };
		C241F883CB19224ADE9CCF36 /* MenuBarLabelView.swift in Sources */ = {isa = PBXBuildFile; fileRef = 104D872DDEB98BB2E66049EF /* MenuBarLabelView.swift */; };
		C42C8BDC6BB6C71AC9C11339 /* DiscoveredApp.swift in Sources */ = {isa = PBXBuildFile; fileRef = F7ADF49836A71C2D4835DB83 /* DiscoveredApp.swift */; };
		C489CDA9D591D7DAD311521B /* SettingsView.swift in Sources */ = {isa = PBXBuildFile; fileRef = 3F875000E4B6BC8893602470 /* SettingsView.swift */; };
		C4BB916DEF8F1D9E247F129C /* HomebrewCaskChecker.swift in Sources */ = {isa = PBXBuildFile; fileRef = 2F1FEEEDCD6959330CA39F8D /* HomebrewCaskChecker.swift */; };
		CCCD0A80F7891C7EC70E142F /* CLIToolUpdateSource.swift in Sources */ = {isa = PBXBuildFile; fileRef = 9B314199EC6B3FE4067BEF64 /* CLIToolUpdateSource.swift */; };
		CEC7AB43DCBCD49642E9EFB1 /* UpdateInstallerTests.swift in Sources */ = {isa = PBXBuildFile; fileRef = 700604D5BEA9C6B3D7A4D0FD /* UpdateInstallerTests.swift */; };
		CFF5AA9B7D24F726AB12B082 /* SparkleFeedChecker.swift in Sources */ = {isa = PBXBuildFile; fileRef = D4A4D6B5A6353473001D01F2 /* SparkleFeedChecker.swift */; };
		D10234771C1B1A70D570DC95 /* CacheStoreTests.swift in Sources */ = {isa = PBXBuildFile; fileRef = 32EA13E3971EB5F93AEFC1FA /* CacheStoreTests.swift */; };
		DE66BD2880668A81745548DF /* ElectronDirectInstaller.swift in Sources */ = {isa = PBXBuildFile; fileRef = 15C2498948BCB72E0EDD1337 /* ElectronDirectInstaller.swift */; };
		E548DF4DCC8CBDF198867DFF /* LaunchAtLoginManager.swift in Sources */ = {isa = PBXBuildFile; fileRef = 88EC336F4F5052B0F4FFFECF /* LaunchAtLoginManager.swift */; };
		F13AC3DC0110D67780BACD3E /* UpdateInstaller.swift in Sources */ = {isa = PBXBuildFile; fileRef = B128FE44C3D9E82E4849C1D8 /* UpdateInstaller.swift */; };
		F3C9E197390A3B9436571ECE /* ProcessRunner.swift in Sources */ = {isa = PBXBuildFile; fileRef = 615E4AC58EA9440DEB740F79 /* ProcessRunner.swift */; };
		F99C1FF8670356D36E86EF8F /* CLIToolRowView.swift in Sources */ = {isa = PBXBuildFile; fileRef = 68E83576EBE92C3E263C623B /* CLIToolRowView.swift */; };
		FB1089ACE31250751A5015F9 /* MacAppStoreCheckerTests.swift in Sources */ = {isa = PBXBuildFile; fileRef = 3BD94FB6F69FC7AA8488D13C /* MacAppStoreCheckerTests.swift */; };
/* End PBXBuildFile section */

/* Begin PBXContainerItemProxy section */
		108485CA4DAC2492CE73770E /* PBXContainerItemProxy */ = {
			isa = PBXContainerItemProxy;
			containerPortal = 412982F0B06BECEA8469CFAD /* Project object */;
			proxyType = 1;
			remoteGlobalIDString = B35AEBC02958DD005106D996;
			remoteInfo = Patchly;
		};
/* End PBXContainerItemProxy section */

/* Begin PBXFileReference section */
		0582FC25770D05BFB1565D90 /* CustomAppSourceCheckerTests.swift */ = {isa = PBXFileReference; lastKnownFileType = sourcecode.swift; path = CustomAppSourceCheckerTests.swift; sourceTree = "<group>"; };
		0839D6494DEC9F6C449ECD9A /* SparkleAppcastParserTests.swift */ = {isa = PBXFileReference; lastKnownFileType = sourcecode.swift; path = SparkleAppcastParserTests.swift; sourceTree = "<group>"; };
		089920C58FFAC1E76955FA9F /* UpdateAggregator.swift */ = {isa = PBXFileReference; lastKnownFileType = sourcecode.swift; path = UpdateAggregator.swift; sourceTree = "<group>"; };
		0E651F1203BD902FD91EE01D /* ElectronUpdateConfigParserTests.swift */ = {isa = PBXFileReference; lastKnownFileType = sourcecode.swift; path = ElectronUpdateConfigParserTests.swift; sourceTree = "<group>"; };
		104D872DDEB98BB2E66049EF /* MenuBarLabelView.swift */ = {isa = PBXFileReference; lastKnownFileType = sourcecode.swift; path = MenuBarLabelView.swift; sourceTree = "<group>"; };
		15C2498948BCB72E0EDD1337 /* ElectronDirectInstaller.swift */ = {isa = PBXFileReference; lastKnownFileType = sourcecode.swift; path = ElectronDirectInstaller.swift; sourceTree = "<group>"; };
		28B2EFAB29773DA1D8EA9AB5 /* HomebrewCaskCheckerTests.swift */ = {isa = PBXFileReference; lastKnownFileType = sourcecode.swift; path = HomebrewCaskCheckerTests.swift; sourceTree = "<group>"; };
		2A193A9D2479C523910BC2DF /* ElectronUpdateChecker.swift */ = {isa = PBXFileReference; lastKnownFileType = sourcecode.swift; path = ElectronUpdateChecker.swift; sourceTree = "<group>"; };
		2DB91F060FFE31FCF107E397 /* ElectronUpdateConfigParser.swift */ = {isa = PBXFileReference; lastKnownFileType = sourcecode.swift; path = ElectronUpdateConfigParser.swift; sourceTree = "<group>"; };
		2F1FEEEDCD6959330CA39F8D /* HomebrewCaskChecker.swift */ = {isa = PBXFileReference; lastKnownFileType = sourcecode.swift; path = HomebrewCaskChecker.swift; sourceTree = "<group>"; };
		318A19726094A6682B93E177 /* CacheStore.swift */ = {isa = PBXFileReference; lastKnownFileType = sourcecode.swift; path = CacheStore.swift; sourceTree = "<group>"; };
		3247E12A55E04A500DBDD008 /* ApplicationScanner.swift */ = {isa = PBXFileReference; lastKnownFileType = sourcecode.swift; path = ApplicationScanner.swift; sourceTree = "<group>"; };
		32EA13E3971EB5F93AEFC1FA /* CacheStoreTests.swift */ = {isa = PBXFileReference; lastKnownFileType = sourcecode.swift; path = CacheStoreTests.swift; sourceTree = "<group>"; };
		3AEEB32235E435898E2DF0DA /* ApplicationScannerTests.swift */ = {isa = PBXFileReference; lastKnownFileType = sourcecode.swift; path = ApplicationScannerTests.swift; sourceTree = "<group>"; };
		3BD94FB6F69FC7AA8488D13C /* MacAppStoreCheckerTests.swift */ = {isa = PBXFileReference; lastKnownFileType = sourcecode.swift; path = MacAppStoreCheckerTests.swift; sourceTree = "<group>"; };
		3E0B1E5AEAF3D8257F12969F /* ElectronUpdateManifestParser.swift */ = {isa = PBXFileReference; lastKnownFileType = sourcecode.swift; path = ElectronUpdateManifestParser.swift; sourceTree = "<group>"; };
		3EE862423CB3E367814762FF /* Patchly.app */ = {isa = PBXFileReference; explicitFileType = wrapper.application; includeInIndex = 0; path = Patchly.app; sourceTree = BUILT_PRODUCTS_DIR; };
		3F875000E4B6BC8893602470 /* SettingsView.swift */ = {isa = PBXFileReference; lastKnownFileType = sourcecode.swift; path = SettingsView.swift; sourceTree = "<group>"; };
		40F0411BABDB06B956994AAE /* AppSettingsTests.swift */ = {isa = PBXFileReference; lastKnownFileType = sourcecode.swift; path = AppSettingsTests.swift; sourceTree = "<group>"; };
		44D994A9D959EE3433AB82E9 /* SettingsNotificationsTab.swift */ = {isa = PBXFileReference; lastKnownFileType = sourcecode.swift; path = SettingsNotificationsTab.swift; sourceTree = "<group>"; };
		45E9C05B0991D5D85B4EC4E3 /* VersionComparator.swift */ = {isa = PBXFileReference; lastKnownFileType = sourcecode.swift; path = VersionComparator.swift; sourceTree = "<group>"; };
		478A254F483F853B19D7C33D /* AppState.swift */ = {isa = PBXFileReference; lastKnownFileType = sourcecode.swift; path = AppState.swift; sourceTree = "<group>"; };
		480551496F500EF0C64EE025 /* CustomAppChecker.swift */ = {isa = PBXFileReference; lastKnownFileType = sourcecode.swift; path = CustomAppChecker.swift; sourceTree = "<group>"; };
		4C5851E156CA1A17CB08040F /* MacAppStoreChecker.swift */ = {isa = PBXFileReference; lastKnownFileType = sourcecode.swift; path = MacAppStoreChecker.swift; sourceTree = "<group>"; };
		4FDA033573CCFCFB56D43DFC /* UpdateNotifier.swift */ = {isa = PBXFileReference; lastKnownFileType = sourcecode.swift; path = UpdateNotifier.swift; sourceTree = "<group>"; };
		512DDE52899A35EF340BEBD4 /* AppUpdater.swift */ = {isa = PBXFileReference; lastKnownFileType = sourcecode.swift; path = AppUpdater.swift; sourceTree = "<group>"; };
		57F4F33972DF2BD3A3C9298C /* CLIToolScannerTests.swift */ = {isa = PBXFileReference; lastKnownFileType = sourcecode.swift; path = CLIToolScannerTests.swift; sourceTree = "<group>"; };
		5E1B7F800CB93230E6BC2033 /* Collection+Chunked.swift */ = {isa = PBXFileReference; lastKnownFileType = sourcecode.swift; path = "Collection+Chunked.swift"; sourceTree = "<group>"; };
		615E4AC58EA9440DEB740F79 /* ProcessRunner.swift */ = {isa = PBXFileReference; lastKnownFileType = sourcecode.swift; path = ProcessRunner.swift; sourceTree = "<group>"; };
		625E457D37A2F321BDAA722E /* ElectronDirectInstallerTests.swift */ = {isa = PBXFileReference; lastKnownFileType = sourcecode.swift; path = ElectronDirectInstallerTests.swift; sourceTree = "<group>"; };
		642F0C625F8318A6F3321591 /* SettingsUpdatesTab.swift */ = {isa = PBXFileReference; lastKnownFileType = sourcecode.swift; path = SettingsUpdatesTab.swift; sourceTree = "<group>"; };
		68E83576EBE92C3E263C623B /* CLIToolRowView.swift */ = {isa = PBXFileReference; lastKnownFileType = sourcecode.swift; path = CLIToolRowView.swift; sourceTree = "<group>"; };
		6C1A768A75FE3CB0CBC2C83B /* ExecutableLocator.swift */ = {isa = PBXFileReference; lastKnownFileType = sourcecode.swift; path = ExecutableLocator.swift; sourceTree = "<group>"; };
		6E4970BDAE8A8F6F786D1F49 /* AppVersion.swift */ = {isa = PBXFileReference; lastKnownFileType = sourcecode.swift; path = AppVersion.swift; sourceTree = "<group>"; };
		700604D5BEA9C6B3D7A4D0FD /* UpdateInstallerTests.swift */ = {isa = PBXFileReference; lastKnownFileType = sourcecode.swift; path = UpdateInstallerTests.swift; sourceTree = "<group>"; };
		76B553C0B220346509CBD25C /* SourceBadgeView.swift */ = {isa = PBXFileReference; lastKnownFileType = sourcecode.swift; path = SourceBadgeView.swift; sourceTree = "<group>"; };
		7F6C5F92731D33BC7E452D7A /* SparkleAppcastParser.swift */ = {isa = PBXFileReference; lastKnownFileType = sourcecode.swift; path = SparkleAppcastParser.swift; sourceTree = "<group>"; };
		85E08C3326B2247D912741CD /* SettingsCard.swift */ = {isa = PBXFileReference; lastKnownFileType = sourcecode.swift; path = SettingsCard.swift; sourceTree = "<group>"; };
		8744FCA5D7FC285AC75AAF9F /* SparkleDirectInstaller.swift */ = {isa = PBXFileReference; lastKnownFileType = sourcecode.swift; path = SparkleDirectInstaller.swift; sourceTree = "<group>"; };
		88EC336F4F5052B0F4FFFECF /* LaunchAtLoginManager.swift */ = {isa = PBXFileReference; lastKnownFileType = sourcecode.swift; path = LaunchAtLoginManager.swift; sourceTree = "<group>"; };
		8BB0D552BC874187FE063BE1 /* CLIToolSourceBadgeView.swift */ = {isa = PBXFileReference; lastKnownFileType = sourcecode.swift; path = CLIToolSourceBadgeView.swift; sourceTree = "<group>"; };
		8F89071EB4BF05357B337D59 /* HomebrewFormulaChecker.swift */ = {isa = PBXFileReference; lastKnownFileType = sourcecode.swift; path = HomebrewFormulaChecker.swift; sourceTree = "<group>"; };
		9030A1FBEE66DE4AB486E5D7 /* MenuBarContentView.swift */ = {isa = PBXFileReference; lastKnownFileType = sourcecode.swift; path = MenuBarContentView.swift; sourceTree = "<group>"; };
		9664C23F424B2710F66C4EF4 /* HomebrewFormulaCheckerTests.swift */ = {isa = PBXFileReference; lastKnownFileType = sourcecode.swift; path = HomebrewFormulaCheckerTests.swift; sourceTree = "<group>"; };
		982B2B56729EB0922FB112E3 /* CLIToolUpdateAggregator.swift */ = {isa = PBXFileReference; lastKnownFileType = sourcecode.swift; path = CLIToolUpdateAggregator.swift; sourceTree = "<group>"; };
		9B314199EC6B3FE4067BEF64 /* CLIToolUpdateSource.swift */ = {isa = PBXFileReference; lastKnownFileType = sourcecode.swift; path = CLIToolUpdateSource.swift; sourceTree = "<group>"; };
		9C5CF24FBCA4671C54FD7452 /* PatchlyApp.swift */ = {isa = PBXFileReference; lastKnownFileType = sourcecode.swift; path = PatchlyApp.swift; sourceTree = "<group>"; };
		9EEB75D6A3842108410237F1 /* AppRowView.swift */ = {isa = PBXFileReference; lastKnownFileType = sourcecode.swift; path = AppRowView.swift; sourceTree = "<group>"; };
		9FA060E772F1F78705E61189 /* Assets.xcassets */ = {isa = PBXFileReference; lastKnownFileType = folder.assetcatalog; path = Assets.xcassets; sourceTree = "<group>"; };
		AC11BB66BFAF2B2DF257CB74 /* RunningAppReplacer.swift */ = {isa = PBXFileReference; lastKnownFileType = sourcecode.swift; path = RunningAppReplacer.swift; sourceTree = "<group>"; };
		B067C93699B29BBE3BAC7DAC /* VSCodeUpdateCheckerTests.swift */ = {isa = PBXFileReference; lastKnownFileType = sourcecode.swift; path = VSCodeUpdateCheckerTests.swift; sourceTree = "<group>"; };
		B128FE44C3D9E82E4849C1D8 /* UpdateInstaller.swift */ = {isa = PBXFileReference; lastKnownFileType = sourcecode.swift; path = UpdateInstaller.swift; sourceTree = "<group>"; };
		B5CF0EBB12A9EA2694E8DE7B /* SparkleDirectInstallerTests.swift */ = {isa = PBXFileReference; lastKnownFileType = sourcecode.swift; path = SparkleDirectInstallerTests.swift; sourceTree = "<group>"; };
		B60AFE992161FD470E184CEA /* ElectronUpdateManifestParserTests.swift */ = {isa = PBXFileReference; lastKnownFileType = sourcecode.swift; path = ElectronUpdateManifestParserTests.swift; sourceTree = "<group>"; };
		BAA89791D4AC2D2388DDBC5F /* CLITool.swift */ = {isa = PBXFileReference; lastKnownFileType = sourcecode.swift; path = CLITool.swift; sourceTree = "<group>"; };
		BBBB13B040B60426034E3306 /* VersionComparatorTests.swift */ = {isa = PBXFileReference; lastKnownFileType = sourcecode.swift; path = VersionComparatorTests.swift; sourceTree = "<group>"; };
		C2F37DA29700A627B0196886 /* UpdateArchiveExtractor.swift */ = {isa = PBXFileReference; lastKnownFileType = sourcecode.swift; path = UpdateArchiveExtractor.swift; sourceTree = "<group>"; };
		D01636938115FBB1D71DFB09 /* SettingsGeneralTab.swift */ = {isa = PBXFileReference; lastKnownFileType = sourcecode.swift; path = SettingsGeneralTab.swift; sourceTree = "<group>"; };
		D2D058A1667501D51294FF80 /* UpdateSource.swift */ = {isa = PBXFileReference; lastKnownFileType = sourcecode.swift; path = UpdateSource.swift; sourceTree = "<group>"; };
		D414507C59EA7035C4CB6663 /* CLIToolScanner.swift */ = {isa = PBXFileReference; lastKnownFileType = sourcecode.swift; path = CLIToolScanner.swift; sourceTree = "<group>"; };
		D4A4D6B5A6353473001D01F2 /* SparkleFeedChecker.swift */ = {isa = PBXFileReference; lastKnownFileType = sourcecode.swift; path = SparkleFeedChecker.swift; sourceTree = "<group>"; };
		DF50983CE36CBE57203F1405 /* AppSettings.swift */ = {isa = PBXFileReference; lastKnownFileType = sourcecode.swift; path = AppSettings.swift; sourceTree = "<group>"; };
		E338D33905EBB62270483791 /* PatchlyTests.xctest */ = {isa = PBXFileReference; explicitFileType = wrapper.cfbundle; includeInIndex = 0; path = PatchlyTests.xctest; sourceTree = BUILT_PRODUCTS_DIR; };
		F7ADF49836A71C2D4835DB83 /* DiscoveredApp.swift */ = {isa = PBXFileReference; lastKnownFileType = sourcecode.swift; path = DiscoveredApp.swift; sourceTree = "<group>"; };
		FA225063EA88DB244B655DA0 /* VSCodeUpdateChecker.swift */ = {isa = PBXFileReference; lastKnownFileType = sourcecode.swift; path = VSCodeUpdateChecker.swift; sourceTree = "<group>"; };
		FB24B99BFC09F0AA925C472E /* ScannedApp.swift */ = {isa = PBXFileReference; lastKnownFileType = sourcecode.swift; path = ScannedApp.swift; sourceTree = "<group>"; };
/* End PBXFileReference section */

/* Begin PBXFrameworksBuildPhase section */
		509E5EF55294F7683435F977 /* Frameworks */ = {
			isa = PBXFrameworksBuildPhase;
			buildActionMask = 2147483647;
			files = (
				988057505A1A6C8DD5165B31 /* Sparkle in Frameworks */,
			);
			runOnlyForDeploymentPostprocessing = 0;
		};
/* End PBXFrameworksBuildPhase section */

/* Begin PBXGroup section */
		19408DCF9514C360EC86BC12 /* Persistence */ = {
			isa = PBXGroup;
			children = (
				318A19726094A6682B93E177 /* CacheStore.swift */,
			);
			path = Persistence;
			sourceTree = "<group>";
		};
		41689D9A7DC816E9FDEFB9E7 /* UpdateSources */ = {
			isa = PBXGroup;
			children = (
				9B314199EC6B3FE4067BEF64 /* CLIToolUpdateSource.swift */,
				480551496F500EF0C64EE025 /* CustomAppChecker.swift */,
				2A193A9D2479C523910BC2DF /* ElectronUpdateChecker.swift */,
				2F1FEEEDCD6959330CA39F8D /* HomebrewCaskChecker.swift */,
				8F89071EB4BF05357B337D59 /* HomebrewFormulaChecker.swift */,
				4C5851E156CA1A17CB08040F /* MacAppStoreChecker.swift */,
				D4A4D6B5A6353473001D01F2 /* SparkleFeedChecker.swift */,
				D2D058A1667501D51294FF80 /* UpdateSource.swift */,
				FA225063EA88DB244B655DA0 /* VSCodeUpdateChecker.swift */,
			);
			path = UpdateSources;
			sourceTree = "<group>";
		};
		49D6E8CEA2DEB47843C1EEC4 /* UI */ = {
			isa = PBXGroup;
			children = (
				9EEB75D6A3842108410237F1 /* AppRowView.swift */,
				68E83576EBE92C3E263C623B /* CLIToolRowView.swift */,
				8BB0D552BC874187FE063BE1 /* CLIToolSourceBadgeView.swift */,
				9030A1FBEE66DE4AB486E5D7 /* MenuBarContentView.swift */,
				104D872DDEB98BB2E66049EF /* MenuBarLabelView.swift */,
				85E08C3326B2247D912741CD /* SettingsCard.swift */,
				D01636938115FBB1D71DFB09 /* SettingsGeneralTab.swift */,
				44D994A9D959EE3433AB82E9 /* SettingsNotificationsTab.swift */,
				642F0C625F8318A6F3321591 /* SettingsUpdatesTab.swift */,
				3F875000E4B6BC8893602470 /* SettingsView.swift */,
				76B553C0B220346509CBD25C /* SourceBadgeView.swift */,
			);
			path = UI;
			sourceTree = "<group>";
		};
		4D6DA754DB4ABF880FB3019D /* Support */ = {
			isa = PBXGroup;
			children = (
				6E4970BDAE8A8F6F786D1F49 /* AppVersion.swift */,
				5E1B7F800CB93230E6BC2033 /* Collection+Chunked.swift */,
				15C2498948BCB72E0EDD1337 /* ElectronDirectInstaller.swift */,
				2DB91F060FFE31FCF107E397 /* ElectronUpdateConfigParser.swift */,
				3E0B1E5AEAF3D8257F12969F /* ElectronUpdateManifestParser.swift */,
				6C1A768A75FE3CB0CBC2C83B /* ExecutableLocator.swift */,
				88EC336F4F5052B0F4FFFECF /* LaunchAtLoginManager.swift */,
				615E4AC58EA9440DEB740F79 /* ProcessRunner.swift */,
				AC11BB66BFAF2B2DF257CB74 /* RunningAppReplacer.swift */,
				7F6C5F92731D33BC7E452D7A /* SparkleAppcastParser.swift */,
				8744FCA5D7FC285AC75AAF9F /* SparkleDirectInstaller.swift */,
				C2F37DA29700A627B0196886 /* UpdateArchiveExtractor.swift */,
				B128FE44C3D9E82E4849C1D8 /* UpdateInstaller.swift */,
				4FDA033573CCFCFB56D43DFC /* UpdateNotifier.swift */,
				45E9C05B0991D5D85B4EC4E3 /* VersionComparator.swift */,
			);
			path = Support;
			sourceTree = "<group>";
		};
		A5EB2F25A0BACE3349E64D32 /* PatchlyTests */ = {
			isa = PBXGroup;
			children = (
				3AEEB32235E435898E2DF0DA /* ApplicationScannerTests.swift */,
				40F0411BABDB06B956994AAE /* AppSettingsTests.swift */,
				32EA13E3971EB5F93AEFC1FA /* CacheStoreTests.swift */,
				57F4F33972DF2BD3A3C9298C /* CLIToolScannerTests.swift */,
				0582FC25770D05BFB1565D90 /* CustomAppSourceCheckerTests.swift */,
				625E457D37A2F321BDAA722E /* ElectronDirectInstallerTests.swift */,
				0E651F1203BD902FD91EE01D /* ElectronUpdateConfigParserTests.swift */,
				B60AFE992161FD470E184CEA /* ElectronUpdateManifestParserTests.swift */,
				28B2EFAB29773DA1D8EA9AB5 /* HomebrewCaskCheckerTests.swift */,
				9664C23F424B2710F66C4EF4 /* HomebrewFormulaCheckerTests.swift */,
				3BD94FB6F69FC7AA8488D13C /* MacAppStoreCheckerTests.swift */,
				0839D6494DEC9F6C449ECD9A /* SparkleAppcastParserTests.swift */,
				B5CF0EBB12A9EA2694E8DE7B /* SparkleDirectInstallerTests.swift */,
				700604D5BEA9C6B3D7A4D0FD /* UpdateInstallerTests.swift */,
				BBBB13B040B60426034E3306 /* VersionComparatorTests.swift */,
				B067C93699B29BBE3BAC7DAC /* VSCodeUpdateCheckerTests.swift */,
			);
			path = PatchlyTests;
			sourceTree = "<group>";
		};
		A87F7A44CDA5663FA3779303 /* Scanner */ = {
			isa = PBXGroup;
			children = (
				3247E12A55E04A500DBDD008 /* ApplicationScanner.swift */,
				D414507C59EA7035C4CB6663 /* CLIToolScanner.swift */,
				982B2B56729EB0922FB112E3 /* CLIToolUpdateAggregator.swift */,
				089920C58FFAC1E76955FA9F /* UpdateAggregator.swift */,
			);
			path = Scanner;
			sourceTree = "<group>";
		};
		A8FBB42C3D2A056FA604188B /* Products */ = {
			isa = PBXGroup;
			children = (
				3EE862423CB3E367814762FF /* Patchly.app */,
				E338D33905EBB62270483791 /* PatchlyTests.xctest */,
			);
			name = Products;
			sourceTree = "<group>";
		};
		D11999899D1AFB1D753DCD43 /* State */ = {
			isa = PBXGroup;
			children = (
				478A254F483F853B19D7C33D /* AppState.swift */,
			);
			path = State;
			sourceTree = "<group>";
		};
		DA66C4F8DA48E59F793915CE /* Patchly */ = {
			isa = PBXGroup;
			children = (
				9FA060E772F1F78705E61189 /* Assets.xcassets */,
				DBC62EBB0D85645A38F7A634 /* App */,
				E041C146CE7BF91A81B2D79F /* Models */,
				19408DCF9514C360EC86BC12 /* Persistence */,
				A87F7A44CDA5663FA3779303 /* Scanner */,
				D11999899D1AFB1D753DCD43 /* State */,
				4D6DA754DB4ABF880FB3019D /* Support */,
				49D6E8CEA2DEB47843C1EEC4 /* UI */,
				41689D9A7DC816E9FDEFB9E7 /* UpdateSources */,
			);
			path = Patchly;
			sourceTree = "<group>";
		};
		DBC62EBB0D85645A38F7A634 /* App */ = {
			isa = PBXGroup;
			children = (
				DF50983CE36CBE57203F1405 /* AppSettings.swift */,
				512DDE52899A35EF340BEBD4 /* AppUpdater.swift */,
				9C5CF24FBCA4671C54FD7452 /* PatchlyApp.swift */,
			);
			path = App;
			sourceTree = "<group>";
		};
		E041C146CE7BF91A81B2D79F /* Models */ = {
			isa = PBXGroup;
			children = (
				BAA89791D4AC2D2388DDBC5F /* CLITool.swift */,
				F7ADF49836A71C2D4835DB83 /* DiscoveredApp.swift */,
				FB24B99BFC09F0AA925C472E /* ScannedApp.swift */,
			);
			path = Models;
			sourceTree = "<group>";
		};
		F9F080856BE730A39176E22E = {
			isa = PBXGroup;
			children = (
				DA66C4F8DA48E59F793915CE /* Patchly */,
				A5EB2F25A0BACE3349E64D32 /* PatchlyTests */,
				A8FBB42C3D2A056FA604188B /* Products */,
			);
			sourceTree = "<group>";
		};
/* End PBXGroup section */

/* Begin PBXNativeTarget section */
		2EBA42A7ABCB700468C6C046 /* PatchlyTests */ = {
			isa = PBXNativeTarget;
			buildConfigurationList = 815B1917648C7361368C1921 /* Build configuration list for PBXNativeTarget "PatchlyTests" */;
			buildPhases = (
				CE15886E6353469A98E4D9A5 /* Sources */,
			);
			buildRules = (
			);
			dependencies = (
				C55FF852E12B12F1BB4353EE /* PBXTargetDependency */,
			);
			name = PatchlyTests;
			packageProductDependencies = (
			);
			productName = PatchlyTests;
			productReference = E338D33905EBB62270483791 /* PatchlyTests.xctest */;
			productType = "com.apple.product-type.bundle.unit-test";
		};
		B35AEBC02958DD005106D996 /* Patchly */ = {
			isa = PBXNativeTarget;
			buildConfigurationList = C95624C2F1FA153B05431A40 /* Build configuration list for PBXNativeTarget "Patchly" */;
			buildPhases = (
				23E4AB262AA6AD8FD6C72E88 /* Sources */,
				52FA610C7750CF0418065C32 /* Resources */,
				509E5EF55294F7683435F977 /* Frameworks */,
			);
			buildRules = (
			);
			dependencies = (
			);
			name = Patchly;
			packageProductDependencies = (
				82B8D3EF3B02CC9FC09B4BD6 /* Sparkle */,
			);
			productName = Patchly;
			productReference = 3EE862423CB3E367814762FF /* Patchly.app */;
			productType = "com.apple.product-type.application";
		};
/* End PBXNativeTarget section */

/* Begin PBXProject section */
		412982F0B06BECEA8469CFAD /* Project object */ = {
			isa = PBXProject;
			attributes = {
				BuildIndependentTargetsInParallel = YES;
				LastUpgradeCheck = 1430;
				TargetAttributes = {
					2EBA42A7ABCB700468C6C046 = {
						ProvisioningStyle = Automatic;
					};
					B35AEBC02958DD005106D996 = {
						ProvisioningStyle = Automatic;
					};
				};
			};
			buildConfigurationList = 8FFA1C78C5EA0ADC3835D2E9 /* Build configuration list for PBXProject "Patchly" */;
			developmentRegion = en;
			hasScannedForEncodings = 0;
			knownRegions = (
				Base,
				en,
			);
			mainGroup = F9F080856BE730A39176E22E;
			minimizedProjectReferenceProxies = 1;
			packageReferences = (
				DEEF6AC3D1F8FF850ED15EBE /* XCRemoteSwiftPackageReference "Sparkle" */,
			);
			preferredProjectObjectVersion = 77;
			productRefGroup = A8FBB42C3D2A056FA604188B /* Products */;
			projectDirPath = "";
			projectRoot = "";
			targets = (
				B35AEBC02958DD005106D996 /* Patchly */,
				2EBA42A7ABCB700468C6C046 /* PatchlyTests */,
			);
		};
/* End PBXProject section */

/* Begin PBXResourcesBuildPhase section */
		52FA610C7750CF0418065C32 /* Resources */ = {
			isa = PBXResourcesBuildPhase;
			buildActionMask = 2147483647;
			files = (
				57D79764C19C6E7E76235572 /* Assets.xcassets in Resources */,
			);
			runOnlyForDeploymentPostprocessing = 0;
		};
/* End PBXResourcesBuildPhase section */

/* Begin PBXSourcesBuildPhase section */
		23E4AB262AA6AD8FD6C72E88 /* Sources */ = {
			isa = PBXSourcesBuildPhase;
			buildActionMask = 2147483647;
			files = (
				8CAC3E47A6002FD3FB22CE2B /* AppRowView.swift in Sources */,
				AEBE5F3CC0718B53675F1AA4 /* AppSettings.swift in Sources */,
				058DDD127313F6FA4DD3C62D /* AppState.swift in Sources */,
				330C574EFB8380EE3367860A /* AppUpdater.swift in Sources */,
				3AB92857DAA45F6BB886BE2B /* AppVersion.swift in Sources */,
				AFE19BE3A7D2D0BA7C856711 /* ApplicationScanner.swift in Sources */,
				6FFA738242CD0429530A4E2E /* CLITool.swift in Sources */,
				F99C1FF8670356D36E86EF8F /* CLIToolRowView.swift in Sources */,
				1CC72B2F2F4488C1387E1ACD /* CLIToolScanner.swift in Sources */,
				AB81B047DE1C83B54562664B /* CLIToolSourceBadgeView.swift in Sources */,
				290DE846C2A9F7CF88A300A3 /* CLIToolUpdateAggregator.swift in Sources */,
				CCCD0A80F7891C7EC70E142F /* CLIToolUpdateSource.swift in Sources */,
				8755C357A1975FE254CDADBB /* CacheStore.swift in Sources */,
				03B931F47BBFCB9BF34E4A0B /* Collection+Chunked.swift in Sources */,
				48DEB2D7FEA8E44626E72700 /* CustomAppChecker.swift in Sources */,
				C42C8BDC6BB6C71AC9C11339 /* DiscoveredApp.swift in Sources */,
				DE66BD2880668A81745548DF /* ElectronDirectInstaller.swift in Sources */,
				85DACC4A79B3C6D66748B89B /* ElectronUpdateChecker.swift in Sources */,
				5105C903C25647D26B3CF4A7 /* ElectronUpdateConfigParser.swift in Sources */,
				A8788AE06B15FEF385AFF09B /* ElectronUpdateManifestParser.swift in Sources */,
				0165DE8969DB98643D1F11C2 /* ExecutableLocator.swift in Sources */,
				C4BB916DEF8F1D9E247F129C /* HomebrewCaskChecker.swift in Sources */,
				2CC54C0E3642C0F3C83B7077 /* HomebrewFormulaChecker.swift in Sources */,
				E548DF4DCC8CBDF198867DFF /* LaunchAtLoginManager.swift in Sources */,
				10C4ACEB18AD06541B4EBAB4 /* MacAppStoreChecker.swift in Sources */,
				5662FB282A805842169413E3 /* MenuBarContentView.swift in Sources */,
				C241F883CB19224ADE9CCF36 /* MenuBarLabelView.swift in Sources */,
				6AD0DE10BE173DA31DB695CF /* PatchlyApp.swift in Sources */,
				F3C9E197390A3B9436571ECE /* ProcessRunner.swift in Sources */,
				A5DD6AEBA387F241B1E53F55 /* RunningAppReplacer.swift in Sources */,
				38F01061E85EB39D313903B1 /* ScannedApp.swift in Sources */,
				22E6B717B3A0BA1A4B9EFA81 /* SettingsCard.swift in Sources */,
				3E5A45BC181ACF98FDFCE79E /* SettingsGeneralTab.swift in Sources */,
				71CFAE642CA99204F3C4CA84 /* SettingsNotificationsTab.swift in Sources */,
				338CEDD2FDB2F3BD241195CE /* SettingsUpdatesTab.swift in Sources */,
				C489CDA9D591D7DAD311521B /* SettingsView.swift in Sources */,
				954A506E96234FAA8F0AA76C /* SourceBadgeView.swift in Sources */,
				2F74EE79ACD67A2648A3CE2F /* SparkleAppcastParser.swift in Sources */,
				A4B7BED18E2121E2EE152E07 /* SparkleDirectInstaller.swift in Sources */,
				CFF5AA9B7D24F726AB12B082 /* SparkleFeedChecker.swift in Sources */,
				2B4DD6AAC8DE3CFAE6450268 /* UpdateAggregator.swift in Sources */,
				54EBF41F401ED2A34D0DDDA2 /* UpdateArchiveExtractor.swift in Sources */,
				F13AC3DC0110D67780BACD3E /* UpdateInstaller.swift in Sources */,
				AFD1DC2DAC6642C9589D327E /* UpdateNotifier.swift in Sources */,
				BCDEEE537A66606C12F7152C /* UpdateSource.swift in Sources */,
				2224CD195A77BF4A1B2DFD87 /* VSCodeUpdateChecker.swift in Sources */,
				7C7D5F30DF1957E7FF83A80C /* VersionComparator.swift in Sources */,
			);
			runOnlyForDeploymentPostprocessing = 0;
		};
		CE15886E6353469A98E4D9A5 /* Sources */ = {
			isa = PBXSourcesBuildPhase;
			buildActionMask = 2147483647;
			files = (
				BD24C968BE44562492B3A003 /* AppSettingsTests.swift in Sources */,
				8B776813435C6BF51050DD4E /* ApplicationScannerTests.swift in Sources */,
				8AAB88480698A39689BF600D /* CLIToolScannerTests.swift in Sources */,
				D10234771C1B1A70D570DC95 /* CacheStoreTests.swift in Sources */,
				42B5C7B94C48BA3C301675E3 /* CustomAppSourceCheckerTests.swift in Sources */,
				C157A65F03F1DC935DC81E02 /* ElectronDirectInstallerTests.swift in Sources */,
				245B30B5A7C9E06B26A339A4 /* ElectronUpdateConfigParserTests.swift in Sources */,
				15BB36ACADCDF39905DC6543 /* ElectronUpdateManifestParserTests.swift in Sources */,
				765A63C58CD2B12D07EA28CD /* HomebrewCaskCheckerTests.swift in Sources */,
				15A8922FA7E19FB1F809E53A /* HomebrewFormulaCheckerTests.swift in Sources */,
				FB1089ACE31250751A5015F9 /* MacAppStoreCheckerTests.swift in Sources */,
				3CF72A49788B4F79F71ADE3B /* SparkleAppcastParserTests.swift in Sources */,
				94F36ECB51EF67E7B0475489 /* SparkleDirectInstallerTests.swift in Sources */,
				CEC7AB43DCBCD49642E9EFB1 /* UpdateInstallerTests.swift in Sources */,
				BB017708CBDFE1EE8D19EE89 /* VSCodeUpdateCheckerTests.swift in Sources */,
				2C298F8195DEAFEBCF46B1B6 /* VersionComparatorTests.swift in Sources */,
			);
			runOnlyForDeploymentPostprocessing = 0;
		};
/* End PBXSourcesBuildPhase section */

/* Begin PBXTargetDependency section */
		C55FF852E12B12F1BB4353EE /* PBXTargetDependency */ = {
			isa = PBXTargetDependency;
			target = B35AEBC02958DD005106D996 /* Patchly */;
			targetProxy = 108485CA4DAC2492CE73770E /* PBXContainerItemProxy */;
		};
/* End PBXTargetDependency section */

/* Begin XCBuildConfiguration section */
		079A16BBEE34F7A07DE95A22 /* Debug */ = {
			isa = XCBuildConfiguration;
			buildSettings = {
				ALWAYS_SEARCH_USER_PATHS = NO;
				ARCHS = arm64;
				CLANG_ANALYZER_NONNULL = YES;
				CLANG_ANALYZER_NUMBER_OBJECT_CONVERSION = YES_AGGRESSIVE;
				CLANG_CXX_LANGUAGE_STANDARD = "gnu++14";
				CLANG_CXX_LIBRARY = "libc++";
				CLANG_ENABLE_MODULES = YES;
				CLANG_ENABLE_OBJC_ARC = YES;
				CLANG_ENABLE_OBJC_WEAK = YES;
				CLANG_WARN_BLOCK_CAPTURE_AUTORELEASING = YES;
				CLANG_WARN_BOOL_CONVERSION = YES;
				CLANG_WARN_COMMA = YES;
				CLANG_WARN_CONSTANT_CONVERSION = YES;
				CLANG_WARN_DEPRECATED_OBJC_IMPLEMENTATIONS = YES;
				CLANG_WARN_DIRECT_OBJC_ISA_USAGE = YES_ERROR;
				CLANG_WARN_DOCUMENTATION_COMMENTS = YES;
				CLANG_WARN_EMPTY_BODY = YES;
				CLANG_WARN_ENUM_CONVERSION = YES;
				CLANG_WARN_INFINITE_RECURSION = YES;
				CLANG_WARN_INT_CONVERSION = YES;
				CLANG_WARN_NON_LITERAL_NULL_CONVERSION = YES;
				CLANG_WARN_OBJC_IMPLICIT_RETAIN_SELF = YES;
				CLANG_WARN_OBJC_LITERAL_CONVERSION = YES;
				CLANG_WARN_OBJC_ROOT_CLASS = YES_ERROR;
				CLANG_WARN_QUOTED_INCLUDE_IN_FRAMEWORK_HEADER = YES;
				CLANG_WARN_RANGE_LOOP_ANALYSIS = YES;
				CLANG_WARN_STRICT_PROTOTYPES = YES;
				CLANG_WARN_SUSPICIOUS_MOVE = YES;
				CLANG_WARN_UNGUARDED_AVAILABILITY = YES_AGGRESSIVE;
				CLANG_WARN_UNREACHABLE_CODE = YES;
				CLANG_WARN__DUPLICATE_METHOD_MATCH = YES;
				COPY_PHASE_STRIP = NO;
				CURRENT_PROJECT_VERSION = 44;
				DEAD_CODE_STRIPPING = YES;
				DEBUG_INFORMATION_FORMAT = dwarf;
				ENABLE_STRICT_OBJC_MSGSEND = YES;
				ENABLE_TESTABILITY = YES;
				GCC_C_LANGUAGE_STANDARD = gnu11;
				GCC_DYNAMIC_NO_PIC = NO;
				GCC_NO_COMMON_BLOCKS = YES;
				GCC_OPTIMIZATION_LEVEL = 0;
				GCC_PREPROCESSOR_DEFINITIONS = (
					"$(inherited)",
					"DEBUG=1",
				);
				GCC_WARN_64_TO_32_BIT_CONVERSION = YES;
				GCC_WARN_ABOUT_RETURN_TYPE = YES_ERROR;
				GCC_WARN_UNDECLARED_SELECTOR = YES;
				GCC_WARN_UNINITIALIZED_AUTOS = YES_AGGRESSIVE;
				GCC_WARN_UNUSED_FUNCTION = YES;
				GCC_WARN_UNUSED_VARIABLE = YES;
				MACOSX_DEPLOYMENT_TARGET = 26.0;
				MARKETING_VERSION = 0.0.10;
				MTL_ENABLE_DEBUG_INFO = INCLUDE_SOURCE;
				MTL_FAST_MATH = YES;
				ONLY_ACTIVE_ARCH = NO;
				PRODUCT_NAME = "$(TARGET_NAME)";
				SDKROOT = macosx;
				SWIFT_ACTIVE_COMPILATION_CONDITIONS = DEBUG;
				SWIFT_OPTIMIZATION_LEVEL = "-Onone";
				SWIFT_STRICT_CONCURRENCY = complete;
				SWIFT_VERSION = 6.0;
			};
			name = Debug;
		};
		17818C8B73E11F017993C5C5 /* Debug */ = {
			isa = XCBuildConfiguration;
			buildSettings = {
				ASSETCATALOG_COMPILER_APPICON_NAME = AppIcon;
				CODE_SIGN_ENTITLEMENTS = Patchly/Patchly.entitlements;
				CODE_SIGN_STYLE = Automatic;
				COMBINE_HIDPI_IMAGES = YES;
				ENABLE_APP_SANDBOX = NO;
				ENABLE_HARDENED_RUNTIME = YES;
				GENERATE_INFOPLIST_FILE = NO;
				INFOPLIST_FILE = Patchly/Info.plist;
				LD_RUNPATH_SEARCH_PATHS = (
					"$(inherited)",
					"@executable_path/../Frameworks",
				);
				MACOSX_DEPLOYMENT_TARGET = 26.0;
				PRODUCT_BUNDLE_IDENTIFIER = com.mberrish.Patchly;
				PRODUCT_NAME = Patchly;
				SDKROOT = macosx;
			};
			name = Debug;
		};
		229B927D12FDED3BA1D427CD /* Debug */ = {
			isa = XCBuildConfiguration;
			buildSettings = {
				BUNDLE_LOADER = "$(TEST_HOST)";
				CODE_SIGN_STYLE = Automatic;
				COMBINE_HIDPI_IMAGES = YES;
				GENERATE_INFOPLIST_FILE = YES;
				LD_RUNPATH_SEARCH_PATHS = (
					"$(inherited)",
					"@executable_path/../Frameworks",
					"@loader_path/../Frameworks",
				);
				MACOSX_DEPLOYMENT_TARGET = 26.0;
				SDKROOT = macosx;
				TEST_HOST = "$(BUILT_PRODUCTS_DIR)/Patchly.app/Contents/MacOS/Patchly";
			};
			name = Debug;
		};
		7C787105C2F763B30457D66B /* Release */ = {
			isa = XCBuildConfiguration;
			buildSettings = {
				ASSETCATALOG_COMPILER_APPICON_NAME = AppIcon;
				CODE_SIGN_ENTITLEMENTS = Patchly/Patchly.entitlements;
				CODE_SIGN_STYLE = Automatic;
				COMBINE_HIDPI_IMAGES = YES;
				ENABLE_APP_SANDBOX = NO;
				ENABLE_HARDENED_RUNTIME = YES;
				GENERATE_INFOPLIST_FILE = NO;
				INFOPLIST_FILE = Patchly/Info.plist;
				LD_RUNPATH_SEARCH_PATHS = (
					"$(inherited)",
					"@executable_path/../Frameworks",
				);
				MACOSX_DEPLOYMENT_TARGET = 26.0;
				PRODUCT_BUNDLE_IDENTIFIER = com.mberrish.Patchly;
				PRODUCT_NAME = Patchly;
				SDKROOT = macosx;
			};
			name = Release;
		};
		C12D5B024D4FF33A8FBC97C2 /* Release */ = {
			isa = XCBuildConfiguration;
			buildSettings = {
				ALWAYS_SEARCH_USER_PATHS = NO;
				ARCHS = arm64;
				CLANG_ANALYZER_NONNULL = YES;
				CLANG_ANALYZER_NUMBER_OBJECT_CONVERSION = YES_AGGRESSIVE;
				CLANG_CXX_LANGUAGE_STANDARD = "gnu++14";
				CLANG_CXX_LIBRARY = "libc++";
				CLANG_ENABLE_MODULES = YES;
				CLANG_ENABLE_OBJC_ARC = YES;
				CLANG_ENABLE_OBJC_WEAK = YES;
				CLANG_WARN_BLOCK_CAPTURE_AUTORELEASING = YES;
				CLANG_WARN_BOOL_CONVERSION = YES;
				CLANG_WARN_COMMA = YES;
				CLANG_WARN_CONSTANT_CONVERSION = YES;
				CLANG_WARN_DEPRECATED_OBJC_IMPLEMENTATIONS = YES;
				CLANG_WARN_DIRECT_OBJC_ISA_USAGE = YES_ERROR;
				CLANG_WARN_DOCUMENTATION_COMMENTS = YES;
				CLANG_WARN_EMPTY_BODY = YES;
				CLANG_WARN_ENUM_CONVERSION = YES;
				CLANG_WARN_INFINITE_RECURSION = YES;
				CLANG_WARN_INT_CONVERSION = YES;
				CLANG_WARN_NON_LITERAL_NULL_CONVERSION = YES;
				CLANG_WARN_OBJC_IMPLICIT_RETAIN_SELF = YES;
				CLANG_WARN_OBJC_LITERAL_CONVERSION = YES;
				CLANG_WARN_OBJC_ROOT_CLASS = YES_ERROR;
				CLANG_WARN_QUOTED_INCLUDE_IN_FRAMEWORK_HEADER = YES;
				CLANG_WARN_RANGE_LOOP_ANALYSIS = YES;
				CLANG_WARN_STRICT_PROTOTYPES = YES;
				CLANG_WARN_SUSPICIOUS_MOVE = YES;
				CLANG_WARN_UNGUARDED_AVAILABILITY = YES_AGGRESSIVE;
				CLANG_WARN_UNREACHABLE_CODE = YES;
				CLANG_WARN__DUPLICATE_METHOD_MATCH = YES;
				COPY_PHASE_STRIP = NO;
				CURRENT_PROJECT_VERSION = 44;
				DEAD_CODE_STRIPPING = YES;
				DEBUG_INFORMATION_FORMAT = "dwarf-with-dsym";
				ENABLE_NS_ASSERTIONS = NO;
				ENABLE_STRICT_OBJC_MSGSEND = YES;
				GCC_C_LANGUAGE_STANDARD = gnu11;
				GCC_NO_COMMON_BLOCKS = YES;
				GCC_WARN_64_TO_32_BIT_CONVERSION = YES;
				GCC_WARN_ABOUT_RETURN_TYPE = YES_ERROR;
				GCC_WARN_UNDECLARED_SELECTOR = YES;
				GCC_WARN_UNINITIALIZED_AUTOS = YES_AGGRESSIVE;
				GCC_WARN_UNUSED_FUNCTION = YES;
				GCC_WARN_UNUSED_VARIABLE = YES;
				MACOSX_DEPLOYMENT_TARGET = 26.0;
				MARKETING_VERSION = 0.0.10;
				MTL_ENABLE_DEBUG_INFO = NO;
				MTL_FAST_MATH = YES;
				ONLY_ACTIVE_ARCH = NO;
				PRODUCT_NAME = "$(TARGET_NAME)";
				SDKROOT = macosx;
				SWIFT_COMPILATION_MODE = wholemodule;
				SWIFT_OPTIMIZATION_LEVEL = "-O";
				SWIFT_STRICT_CONCURRENCY = complete;
				SWIFT_VERSION = 6.0;
			};
			name = Release;
		};
		C7653D281B18FD69A345EB71 /* Release */ = {
			isa = XCBuildConfiguration;
			buildSettings = {
				BUNDLE_LOADER = "$(TEST_HOST)";
				CODE_SIGN_STYLE = Automatic;
				COMBINE_HIDPI_IMAGES = YES;
				GENERATE_INFOPLIST_FILE = YES;
				LD_RUNPATH_SEARCH_PATHS = (
					"$(inherited)",
					"@executable_path/../Frameworks",
					"@loader_path/../Frameworks",
				);
				MACOSX_DEPLOYMENT_TARGET = 26.0;
				SDKROOT = macosx;
				TEST_HOST = "$(BUILT_PRODUCTS_DIR)/Patchly.app/Contents/MacOS/Patchly";
			};
			name = Release;
		};
/* End XCBuildConfiguration section */

/* Begin XCConfigurationList section */
		815B1917648C7361368C1921 /* Build configuration list for PBXNativeTarget "PatchlyTests" */ = {
			isa = XCConfigurationList;
			buildConfigurations = (
				229B927D12FDED3BA1D427CD /* Debug */,
				C7653D281B18FD69A345EB71 /* Release */,
			);
			defaultConfigurationIsVisible = 0;
			defaultConfigurationName = Debug;
		};
		8FFA1C78C5EA0ADC3835D2E9 /* Build configuration list for PBXProject "Patchly" */ = {
			isa = XCConfigurationList;
			buildConfigurations = (
				079A16BBEE34F7A07DE95A22 /* Debug */,
				C12D5B024D4FF33A8FBC97C2 /* Release */,
			);
			defaultConfigurationIsVisible = 0;
			defaultConfigurationName = Debug;
		};
		C95624C2F1FA153B05431A40 /* Build configuration list for PBXNativeTarget "Patchly" */ = {
			isa = XCConfigurationList;
			buildConfigurations = (
				17818C8B73E11F017993C5C5 /* Debug */,
				7C787105C2F763B30457D66B /* Release */,
			);
			defaultConfigurationIsVisible = 0;
			defaultConfigurationName = Debug;
		};
/* End XCConfigurationList section */

/* Begin XCRemoteSwiftPackageReference section */
		DEEF6AC3D1F8FF850ED15EBE /* XCRemoteSwiftPackageReference "Sparkle" */ = {
			isa = XCRemoteSwiftPackageReference;
			repositoryURL = "https://github.com/sparkle-project/Sparkle";
			requirement = {
				kind = upToNextMajorVersion;
				minimumVersion = 2.6.0;
			};
		};
/* End XCRemoteSwiftPackageReference section */

/* Begin XCSwiftPackageProductDependency section */
		82B8D3EF3B02CC9FC09B4BD6 /* Sparkle */ = {
			isa = XCSwiftPackageProductDependency;
			package = DEEF6AC3D1F8FF850ED15EBE /* XCRemoteSwiftPackageReference "Sparkle" */;
			productName = Sparkle;
		};
/* End XCSwiftPackageProductDependency section */
	};
	rootObject = 412982F0B06BECEA8469CFAD /* Project object */;
}
